
Microsoft Visual Studio Solution File, Format Version 12.00
Project("{FAE04EC0-301F-11D3-BF4B-00C04F79EFBC}") = "cshw1-1", "cshw1-1.csproj", "{A0DB8395-1EDF-473F-9B09-8E3FD6A44011}"
EndProject
Global
	GlobalSection(SolutionConfigurationPlatforms) = preSolution
		Debug|Any CPU = Debug|Any CPU
		Release|Any CPU = Release|Any CPU
	EndGlobalSection
	GlobalSection(ProjectConfigurationPlatforms) = postSolution
		{A0DB8395-1EDF-473F-9B09-8E3FD6A44011}.Debug|Any CPU.ActiveCfg = Debug|Any CPU
		{A0DB8395-1EDF-473F-9B09-8E3FD6A44011}.Debug|Any CPU.Build.0 = Debug|Any CPU
		{A0DB8395-1EDF-473F-9B09-8E3FD6A44011}.Release|Any CPU.ActiveCfg = Release|Any CPU
		{A0DB8395-1EDF-473F-9B09-8E3FD6A44011}.Release|Any CPU.Build.0 = Release|Any CPU
	EndGlobalSection
EndGlobal
